
Microsoft Visual Studio Solution File, Format Version 12.00
# Visual Studio Version 16
VisualStudioVersion = 16.0.31005.135
MinimumVisualStudioVersion = 10.0.40219.1
Project("{9A19103F-16F7-4668-BE54-9A1E7A4F7556}") = "DataAccess", "DataAccess\DataAccess.csproj", "{40D82436-0F1D-443C-B6C8-3F66F95BFE10}"
EndProject
Project("{9A19103F-16F7-4668-BE54-9A1E7A4F7556}") = "Entities", "Entities\Entities.csproj", "{67BABA2C-CF8C-42E1-AF16-D266971A76CB}"
EndProject
Project("{9A19103F-16F7-4668-BE54-9A1E7A4F7556}") = "Business", "Business\Business.csproj", "{7F9B8B29-E570-495E-9E7E-F80F816537CD}"
EndProject
Project("{9A19103F-16F7-4668-BE54-9A1E7A4F7556}") = "ConsoleUI", "ConsoleUI\ConsoleUI.csproj", "{C5988564-B9DA-41A6-A30D-4C70172D4148}"
EndProject
Project("{FAE04EC0-301F-11D3-BF4B-00C04F79EFBC}") = "Core", "Core\Core.csproj", "{F6C95558-129C-4C19-941F-22C1CA509CE5}"
EndProject
Global
	GlobalSection(SolutionConfigurationPlatforms) = preSolution
		Debug|Any CPU = Debug|Any CPU
		Release|Any CPU = Release|Any CPU
	EndGlobalSection
	GlobalSection(ProjectConfigurationPlatforms) = postSolution
		{40D82436-0F1D-443C-B6C8-3F66F95BFE10}.Debug|Any CPU.ActiveCfg = Debug|Any CPU
		{40D82436-0F1D-443C-B6C8-3F66F95BFE10}.Debug|Any CPU.Build.0 = Debug|Any CPU
		{40D82436-0F1D-443C-B6C8-3F66F95BFE10}.Release|Any CPU.ActiveCfg = Release|Any CPU
		{40D82436-0F1D-443C-B6C8-3F66F95BFE10}.Release|Any CPU.Build.0 = Release|Any CPU
		{67BABA2C-CF8C-42E1-AF16-D266971A76CB}.Debug|Any CPU.ActiveCfg = Debug|Any CPU
		{67BABA2C-CF8C-42E1-AF16-D266971A76CB}.Debug|Any CPU.Build.0 = Debug|Any CPU
		{67BABA2C-CF8C-42E1-AF16-D266971A76CB}.Release|Any CPU.ActiveCfg = Release|Any CPU
		{67BABA2C-CF8C-42E1-AF16-D266971A76CB}.Release|Any CPU.Build.0 = Release|Any CPU
		{7F9B8B29-E570-495E-9E7E-F80F816537CD}.Debug|Any CPU.ActiveCfg = Debug|Any CPU
		{7F9B8B29-E570-495E-9E7E-F80F816537CD}.Debug|Any CPU.Build.0 = Debug|Any CPU
		{7F9B8B29-E570-495E-9E7E-F80F816537CD}.Release|Any CPU.ActiveCfg = Release|Any CPU
		{7F9B8B29-E570-495E-9E7E-F80F816537CD}.Release|Any CPU.Build.0 = Release|Any CPU
		{C5988564-B9DA-41A6-A30D-4C70172D4148}.Debug|Any CPU.ActiveCfg = Debug|Any CPU
		{C5988564-B9DA-41A6-A30D-4C70172D4148}.Debug|Any CPU.Build.0 = Debug|Any CPU
		{C5988564-B9DA-41A6-A30D-4C70172D4148}.Release|Any CPU.ActiveCfg = Release|Any CPU
		{C5988564-B9DA-41A6-A30D-4C70172D4148}.Release|Any CPU.Build.0 = Release|Any CPU
		{F6C95558-129C-4C19-941F-22C1CA509CE5}.Debug|Any CPU.ActiveCfg = Debug|Any CPU
		{F6C95558-129C-4C19-941F-22C1CA509CE5}.Debug|Any CPU.Build.0 = Debug|Any CPU
		{F6C95558-129C-4C19-941F-22C1CA509CE5}.Release|Any CPU.ActiveCfg = Release|Any CPU
		{F6C95558-129C-4C19-941F-22C1CA509CE5}.Release|Any CPU.Build.0 = Release|Any CPU
	EndGlobalSection
	GlobalSection(SolutionProperties) = preSolution
		HideSolutionNode = FALSE
	EndGlobalSection
	GlobalSection(ExtensibilityGlobals) = postSolution
		SolutionGuid = {3EC3CE0D-0FE7-44C2-A59C-AAFC4CB88CF3}
	EndGlobalSection
EndGlobal
